// !$*UTF8*$!
{
	archiveVersion = 1;
	classes = {
	};
	objectVersion = 46;
	objects = {

/* Begin PBXBuildFile section */
		B70A2EF51A2EBCB90023D411 /* Functions.cpp in Sources */ = {isa = PBXBuildFile; fileRef = B70A2EF31A2EBCB90023D411 /* Functions.cpp */; };
		B7870D801A0C6D4900EB3AFE /* main.cpp in Sources */ = {isa = PBXBuildFile; fileRef = B7870D7F1A0C6D4900EB3AFE /* main.cpp */; };
/* End PBXBuildFile section */

/* Begin PBXCopyFilesBuildPhase section */
		B7870D7A1A0C6D4900EB3AFE /* CopyFiles */ = {
			isa = PBXCopyFilesBuildPhase;
			buildActionMask = 2147483647;
			dstPath = /usr/share/man/man1/;
			dstSubfolderSpec = 0;
			files = (
			);
			runOnlyForDeploymentPostprocessing = 1;
		};
/* End PBXCopyFilesBuildPhase section */

/* Begin PBXFileReference section */
		B70A2EF31A2EBCB90023D411 /* Functions.cpp */ = {isa = PBXFileReference; fileEncoding = 4; lastKnownFileType = sourcecode.cpp.cpp; path = Functions.cpp; sourceTree = "<group>"; };
		B70A2EF41A2EBCB90023D411 /* Functions.h */ = {isa = PBXFileReference; fileEncoding = 4; lastKnownFileType = sourcecode.c.h; path = Functions.h; sourceTree = "<group>"; };
		B7870D7C1A0C6D4900EB3AFE /* LCS */ = {isa = PBXFileReference; explicitFileType = "compiled.mach-o.executable"; includeInIndex = 0; path = LCS; sourceTree = BUILT_PRODUCTS_DIR; };
		B7870D7F1A0C6D4900EB3AFE /* main.cpp */ = {isa = PBXFileReference; lastKnownFileType = sourcecode.cpp.cpp; path = main.cpp; sourceTree = "<group>"; };
/* End PBXFileReference section */

/* Begin PBXFrameworksBuildPhase section */
		B7870D791A0C6D4900EB3AFE /* Frameworks */ = {
			isa = PBXFrameworksBuildPhase;
			buildActionMask = 2147483647;
			files = (
			);
			runOnlyForDeploymentPostprocessing = 0;
		};
/* End PBXFrameworksBuildPhase section */

/* Begin PBXGroup section */
		B7870D731A0C6D4900EB3AFE = {
			isa = PBXGroup;
			children = (
				B7870D7E1A0C6D4900EB3AFE /* LCS */,
				B7870D7D1A0C6D4900EB3AFE /* Products */,
			);
			sourceTree = "<group>";
		};
		B7870D7D1A0C6D4900EB3AFE /* Products */ = {
			isa = PBXGroup;
			children = (
				B7870D7C1A0C6D4900EB3AFE /* LCS */,
			);
			name = Products;
			sourceTree = "<group>";
		};
		B7870D7E1A0C6D4900EB3AFE /* LCS */ = {
			isa = PBXGroup;
			children = (
				B7870D7F1A0C6D4900EB3AFE /* main.cpp */,
				B70A2EF31A2EBCB90023D411 /* Functions.cpp */,
				B70A2EF41A2EBCB90023D411 /* Functions.h */,
			);
			path = LCS;
			sourceTree = "<group>";
		};
/* End PBXGroup section */

/* Begin PBXNativeTarget section */
		B7870D7B1A0C6D4900EB3AFE /* LCS */ = {
			isa = PBXNativeTarget;
			buildConfigurationList = B7870D831A0C6D4900EB3AFE /* Build configuration list for PBXNativeTarget "LCS" */;
			buildPhases = (
				B7870D781A0C6D4900EB3AFE /* Sources */,
				B7870D791A0C6D4900EB3AFE /* Frameworks */,
				B7870D7A1A0C6D4900EB3AFE /* CopyFiles */,
			);
			buildRules = (
			);
			dependencies = (
			);
			name = LCS;
			productName = LCS;
			productReference = B7870D7C1A0C6D4900EB3AFE /* LCS */;
			productType = "com.apple.product-type.tool";
		};
/* End PBXNativeTarget section */

/* Begin PBXProject section */
		B7870D741A0C6D4900EB3AFE /* Project object */ = {
			isa = PBXProject;
			attributes = {
				LastUpgradeCheck = 0610;
				ORGANIZATIONNAME = NTU;
				TargetAttributes = {
					B7870D7B1A0C6D4900EB3AFE = {
						CreatedOnToolsVersion = 6.1;
					};
				};
			};
			buildConfigurationList = B7870D771A0C6D4900EB3AFE /* Build configuration list for PBXProject "LCS" */;
			compatibilityVersion = "Xcode 3.2";
			developmentRegion = English;
			hasScannedForEncodings = 0;
			knownRegions = (
				en,
			);
			mainGroup = B7870D731A0C6D4900EB3AFE;
			productRefGroup = B7870D7D1A0C6D4900EB3AFE /* Products */;
			projectDirPath = "";
			projectRoot = "";
			targets = (
				B7870D7B1A0C6D4900EB3AFE /* LCS */,
			);
		};
/* End PBXProject section */

/* Begin PBXSourcesBuildPhase section */
		B7870D781A0C6D4900EB3AFE /* Sources */ = {
			isa = PBXSourcesBuildPhase;
			buildActionMask = 2147483647;
			files = (
				B7870D801A0C6D4900EB3AFE /* main.cpp in Sources */,
				B70A2EF51A2EBCB90023D411 /* Functions.cpp in Sources */,
			);
			runOnlyForDeploymentPostprocessing = 0;
		};
/* End PBXSourcesBuildPhase section */

/* Begin XCBuildConfiguration section */
		B7870D811A0C6D4900EB3AFE /* Debug */ = {
			isa = XCBuildConfiguration;
			buildSettings = {
				ALWAYS_SEARCH_USER_PATHS = NO;
				CLANG_CXX_LANGUAGE_STANDARD = "gnu++0x";
				CLANG_CXX_LIBRARY = "libc++";
				CLANG_ENABLE_MODULES = YES;
				CLANG_ENABLE_OBJC_ARC = YES;
				CLANG_WARN_BOOL_CONVERSION = YES;
				CLANG_WARN_CONSTANT_CONVERSION = YES;
				CLANG_WARN_DIRECT_OBJC_ISA_USAGE = YES_ERROR;
				CLANG_WARN_EMPTY_BODY = YES;
				CLANG_WARN_ENUM_CONVERSION = YES;
				CLANG_WARN_INT_CONVERSION = YES;
				CLANG_WARN_OBJC_ROOT_CLASS = YES_ERROR;
				CLANG_WARN_UNREACHABLE_CODE = YES;
				CLANG_WARN__DUPLICATE_METHOD_MATCH = YES;
				COPY_PHASE_STRIP = NO;
				ENABLE_STRICT_OBJC_MSGSEND = YES;
				GCC_C_LANGUAGE_STANDARD = gnu99;
				GCC_DYNAMIC_NO_PIC = NO;
				GCC_OPTIMIZATION_LEVEL = 0;
				GCC_PREPROCESSOR_DEFINITIONS = (
					"DEBUG=1",
					"$(inherited)",
				);
				GCC_SYMBOLS_PRIVATE_EXTERN = NO;
				GCC_WARN_64_TO_32_BIT_CONVERSION = YES;
				GCC_WARN_ABOUT_RETURN_TYPE = YES_ERROR;
				GCC_WARN_UNDECLARED_SELECTOR = YES;
				GCC_WARN_UNINITIALIZED_AUTOS = YES_AGGRESSIVE;
				GCC_WARN_UNUSED_FUNCTION = YES;
				GCC_WARN_UNUSED_VARIABLE = YES;
				MACOSX_DEPLOYMENT_TARGET = 10.10;
				MTL_ENABLE_DEBUG_INFO = YES;
				ONLY_ACTIVE_ARCH = YES;
				SDKROOT = macosx;
			};
			name = Debug;
		};
		B7870D821A0C6D4900EB3AFE /* Release */ = {
			isa = XCBuildConfiguration;
			buildSettings = {
				ALWAYS_SEARCH_USER_PATHS = NO;
				CLANG_CXX_LANGUAGE_STANDARD = "gnu++0x";
				CLANG_CXX_LIBRARY = "libc++";
				CLANG_ENABLE_MODULES = YES;
				CLANG_ENABLE_OBJC_ARC = YES;
				CLANG_WARN_BOOL_CONVERSION = YES;
				CLANG_WARN_CONSTANT_CONVERSION = YES;
				CLANG_WARN_DIRECT_OBJC_ISA_USAGE = YES_ERROR;
				CLANG_WARN_EMPTY_BODY = YES;
				CLANG_WARN_ENUM_CONVERSION = YES;
				CLANG_WARN_INT_CONVERSION = YES;
				CLANG_WARN_OBJC_ROOT_CLASS = YES_ERROR;
				CLANG_WARN_UNREACHABLE_CODE = YES;
				CLANG_WARN__DUPLICATE_METHOD_MATCH = YES;
				COPY_PHASE_STRIP = YES;
				DEBUG_INFORMATION_FORMAT = "dwarf-with-dsym";
				ENABLE_NS_ASSERTIONS = NO;
				ENABLE_STRICT_OBJC_MSGSEND = YES;
				GCC_C_LANGUAGE_STANDARD = gnu99;
				GCC_WARN_64_TO_32_BIT_CONVERSION = YES;
				GCC_WARN_ABOUT_RETURN_TYPE = YES_ERROR;
				GCC_WARN_UNDECLARED_SELECTOR = YES;
				GCC_WARN_UNINITIALIZED_AUTOS = YES_AGGRESSIVE;
				GCC_WARN_UNUSED_FUNCTION = YES;
				GCC_WARN_UNUSED_VARIABLE = YES;
				MACOSX_DEPLOYMENT_TARGET = 10.10;
				MTL_ENABLE_DEBUG_INFO = NO;
				SDKROOT = macosx;
			};
			name = Release;
		};
		B7870D841A0C6D4900EB3AFE /* Debug */ = {
			isa = XCBuildConfiguration;
			buildSettings = {
				PRODUCT_NAME = "$(TARGET_NAME)";
			};
			name = Debug;
		};
		B7870D851A0C6D4900EB3AFE /* Release */ = {
			isa = XCBuildConfiguration;
			buildSettings = {
				PRODUCT_NAME = "$(TARGET_NAME)";
			};
			name = Release;
		};
/* End XCBuildConfiguration section */

/* Begin XCConfigurationList section */
		B7870D771A0C6D4900EB3AFE /* Build configuration list for PBXProject "LCS" */ = {
			isa = XCConfigurationList;
			buildConfigurations = (
				B7870D811A0C6D4900EB3AFE /* Debug */,
				B7870D821A0C6D4900EB3AFE /* Release */,
			);
			defaultConfigurationIsVisible = 0;
			defaultConfigurationName = Release;
		};
		B7870D831A0C6D4900EB3AFE /* Build configuration list for PBXNativeTarget "LCS" */ = {
			isa = XCConfigurationList;
			buildConfigurations = (
				B7870D841A0C6D4900EB3AFE /* Debug */,
				B7870D851A0C6D4900EB3AFE /* Release */,
			);
			defaultConfigurationIsVisible = 0;
			defaultConfigurationName = Release;
		};
/* End XCConfigurationList section */
	};
	rootObject = B7870D741A0C6D4900EB3AFE /* Project object */;
}
